// !$*UTF8*$!
{
	archiveVersion = 1;
	classes = {
	};
	objectVersion = 56;
	objects = {

/* Begin PBXBuildFile section */
		1EA117E22A06135500BF2192 /* AppDelegate.swift in Sources */ = {isa = PBXBuildFile; fileRef = 1EA117E12A06135500BF2192 /* AppDelegate.swift */; };
		1EA117E42A06135500BF2192 /* SceneDelegate.swift in Sources */ = {isa = PBXBuildFile; fileRef = 1EA117E32A06135500BF2192 /* SceneDelegate.swift */; };
		1EA117E92A06135600BF2192 /* Main.storyboard in Resources */ = {isa = PBXBuildFile; fileRef = 1EA117E72A06135600BF2192 /* Main.storyboard */; };
		1EA117EB2A06135800BF2192 /* Assets.xcassets in Resources */ = {isa = PBXBuildFile; fileRef = 1EA117EA2A06135800BF2192 /* Assets.xcassets */; };
		1EA117EE2A06135800BF2192 /* LaunchScreen.storyboard in Resources */ = {isa = PBXBuildFile; fileRef = 1EA117EC2A06135800BF2192 /* LaunchScreen.storyboard */; };
		1EA117FA2A06140000BF2192 /* PokemonTableViewCell.swift in Sources */ = {isa = PBXBuildFile; fileRef = 1EA117F92A06140000BF2192 /* PokemonTableViewCell.swift */; };
		1EA117FC2A06141600BF2192 /* Pokemon.swift in Sources */ = {isa = PBXBuildFile; fileRef = 1EA117FB2A06141600BF2192 /* Pokemon.swift */; };
		1EA117FE2A06142A00BF2192 /* PokemonListViewModel.swift in Sources */ = {isa = PBXBuildFile; fileRef = 1EA117FD2A06142A00BF2192 /* PokemonListViewModel.swift */; };
		1EA118002A06143800BF2192 /* PokemonListViewController.swift in Sources */ = {isa = PBXBuildFile; fileRef = 1EA117FF2A06143800BF2192 /* PokemonListViewController.swift */; };
		1EA3EBBC2A06168300755A6E /* UIView+Ext.swift in Sources */ = {isa = PBXBuildFile; fileRef = 1EA3EBBB2A06168300755A6E /* UIView+Ext.swift */; };
		79CED3A6C890B035A685E221 /* Pods_PokeDex.framework in Frameworks */ = {isa = PBXBuildFile; fileRef = B63260C359D99907FE8E3862 /* Pods_PokeDex.framework */; };
		9D61EB9D2A22B8C900A47B24 /* FilterPokemonsViewController.swift in Sources */ = {isa = PBXBuildFile; fileRef = 9D61EB9C2A22B8C900A47B24 /* FilterPokemonsViewController.swift */; };
		9D61EB9F2A22CAD000A47B24 /* String+Ext.swift in Sources */ = {isa = PBXBuildFile; fileRef = 9D61EB9E2A22CAD000A47B24 /* String+Ext.swift */; };
		9D61EBA12A22D2D000A47B24 /* FilterPokemonsCollectionViewCell.swift in Sources */ = {isa = PBXBuildFile; fileRef = 9D61EBA02A22D2D000A47B24 /* FilterPokemonsCollectionViewCell.swift */; };
/* End PBXBuildFile section */

/* Begin PBXFileReference section */
		1D415C82AF2B93CB3D63FFB1 /* Pods-PokeDex.release.xcconfig */ = {isa = PBXFileReference; includeInIndex = 1; lastKnownFileType = text.xcconfig; name = "Pods-PokeDex.release.xcconfig"; path = "Target Support Files/Pods-PokeDex/Pods-PokeDex.release.xcconfig"; sourceTree = "<group>"; };
		1EA117DE2A06135500BF2192 /* PokeDex.app */ = {isa = PBXFileReference; explicitFileType = wrapper.application; includeInIndex = 0; path = PokeDex.app; sourceTree = BUILT_PRODUCTS_DIR; };
		1EA117E12A06135500BF2192 /* AppDelegate.swift */ = {isa = PBXFileReference; lastKnownFileType = sourcecode.swift; path = AppDelegate.swift; sourceTree = "<group>"; };
		1EA117E32A06135500BF2192 /* SceneDelegate.swift */ = {isa = PBXFileReference; lastKnownFileType = sourcecode.swift; path = SceneDelegate.swift; sourceTree = "<group>"; };
		1EA117E82A06135600BF2192 /* Base */ = {isa = PBXFileReference; lastKnownFileType = file.storyboard; name = Base; path = Base.lproj/Main.storyboard; sourceTree = "<group>"; };
		1EA117EA2A06135800BF2192 /* Assets.xcassets */ = {isa = PBXFileReference; lastKnownFileType = folder.assetcatalog; path = Assets.xcassets; sourceTree = "<group>"; };
		1EA117ED2A06135800BF2192 /* Base */ = {isa = PBXFileReference; lastKnownFileType = file.storyboard; name = Base; path = Base.lproj/LaunchScreen.storyboard; sourceTree = "<group>"; };
		1EA117EF2A06135800BF2192 /* Info.plist */ = {isa = PBXFileReference; lastKnownFileType = text.plist.xml; path = Info.plist; sourceTree = "<group>"; };
		1EA117F92A06140000BF2192 /* PokemonTableViewCell.swift */ = {isa = PBXFileReference; lastKnownFileType = sourcecode.swift; path = PokemonTableViewCell.swift; sourceTree = "<group>"; };
		1EA117FB2A06141600BF2192 /* Pokemon.swift */ = {isa = PBXFileReference; lastKnownFileType = sourcecode.swift; path = Pokemon.swift; sourceTree = "<group>"; };
		1EA117FD2A06142A00BF2192 /* PokemonListViewModel.swift */ = {isa = PBXFileReference; lastKnownFileType = sourcecode.swift; path = PokemonListViewModel.swift; sourceTree = "<group>"; };
		1EA117FF2A06143800BF2192 /* PokemonListViewController.swift */ = {isa = PBXFileReference; lastKnownFileType = sourcecode.swift; path = PokemonListViewController.swift; sourceTree = "<group>"; };
		1EA3EBBB2A06168300755A6E /* UIView+Ext.swift */ = {isa = PBXFileReference; lastKnownFileType = sourcecode.swift; path = "UIView+Ext.swift"; sourceTree = "<group>"; };
		3D632BCC68A0AB9996B3DA8F /* Pods-PokeDex.debug.xcconfig */ = {isa = PBXFileReference; includeInIndex = 1; lastKnownFileType = text.xcconfig; name = "Pods-PokeDex.debug.xcconfig"; path = "Target Support Files/Pods-PokeDex/Pods-PokeDex.debug.xcconfig"; sourceTree = "<group>"; };
		9D61EB9C2A22B8C900A47B24 /* FilterPokemonsViewController.swift */ = {isa = PBXFileReference; lastKnownFileType = sourcecode.swift; path = FilterPokemonsViewController.swift; sourceTree = "<group>"; };
		9D61EB9E2A22CAD000A47B24 /* String+Ext.swift */ = {isa = PBXFileReference; lastKnownFileType = sourcecode.swift; path = "String+Ext.swift"; sourceTree = "<group>"; };
		9D61EBA02A22D2D000A47B24 /* FilterPokemonsCollectionViewCell.swift */ = {isa = PBXFileReference; lastKnownFileType = sourcecode.swift; path = FilterPokemonsCollectionViewCell.swift; sourceTree = "<group>"; };
		B63260C359D99907FE8E3862 /* Pods_PokeDex.framework */ = {isa = PBXFileReference; explicitFileType = wrapper.framework; includeInIndex = 0; path = Pods_PokeDex.framework; sourceTree = BUILT_PRODUCTS_DIR; };
/* End PBXFileReference section */

/* Begin PBXFrameworksBuildPhase section */
		1EA117DB2A06135500BF2192 /* Frameworks */ = {
			isa = PBXFrameworksBuildPhase;
			buildActionMask = 2147483647;
			files = (
				79CED3A6C890B035A685E221 /* Pods_PokeDex.framework in Frameworks */,
			);
			runOnlyForDeploymentPostprocessing = 0;
		};
/* End PBXFrameworksBuildPhase section */

/* Begin PBXGroup section */
		1EA117D52A06135500BF2192 = {
			isa = PBXGroup;
			children = (
				1EA117E02A06135500BF2192 /* PokeDex */,
				1EA117DF2A06135500BF2192 /* Products */,
				AAF605617F34A7228E03241C /* Pods */,
				ECFDDB72A821A3A10DED55F4 /* Frameworks */,
			);
			sourceTree = "<group>";
		};
		1EA117DF2A06135500BF2192 /* Products */ = {
			isa = PBXGroup;
			children = (
				1EA117DE2A06135500BF2192 /* PokeDex.app */,
			);
			name = Products;
			sourceTree = "<group>";
		};
		1EA117E02A06135500BF2192 /* PokeDex */ = {
			isa = PBXGroup;
			children = (
				1EA3EBBA2A06166800755A6E /* Extension */,
				1EA117F82A0613EA00BF2192 /* View */,
				1EA117F72A0613DB00BF2192 /* Model */,
				1EA117F62A0613CA00BF2192 /* ViewModel */,
				1EA117F52A0613BD00BF2192 /* Controller */,
				1EA117E12A06135500BF2192 /* AppDelegate.swift */,
				1EA117E32A06135500BF2192 /* SceneDelegate.swift */,
				1EA117E72A06135600BF2192 /* Main.storyboard */,
				1EA117EA2A06135800BF2192 /* Assets.xcassets */,
				1EA117EC2A06135800BF2192 /* LaunchScreen.storyboard */,
				1EA117EF2A06135800BF2192 /* Info.plist */,
			);
			path = PokeDex;
			sourceTree = "<group>";
		};
		1EA117F52A0613BD00BF2192 /* Controller */ = {
			isa = PBXGroup;
			children = (
				9D61EB9C2A22B8C900A47B24 /* FilterPokemonsViewController.swift */,
				1EA117FF2A06143800BF2192 /* PokemonListViewController.swift */,
			);
			path = Controller;
			sourceTree = "<group>";
		};
		1EA117F62A0613CA00BF2192 /* ViewModel */ = {
			isa = PBXGroup;
			children = (
				1EA117FD2A06142A00BF2192 /* PokemonListViewModel.swift */,
			);
			path = ViewModel;
			sourceTree = "<group>";
		};
		1EA117F72A0613DB00BF2192 /* Model */ = {
			isa = PBXGroup;
			children = (
				1EA117FB2A06141600BF2192 /* Pokemon.swift */,
			);
			path = Model;
			sourceTree = "<group>";
		};
		1EA117F82A0613EA00BF2192 /* View */ = {
			isa = PBXGroup;
			children = (
				1EA117F92A06140000BF2192 /* PokemonTableViewCell.swift */,
				9D61EBA02A22D2D000A47B24 /* FilterPokemonsCollectionViewCell.swift */,
			);
			path = View;
			sourceTree = "<group>";
		};
		1EA3EBBA2A06166800755A6E /* Extension */ = {
			isa = PBXGroup;
			children = (
				1EA3EBBB2A06168300755A6E /* UIView+Ext.swift */,
				9D61EB9E2A22CAD000A47B24 /* String+Ext.swift */,
			);
			path = Extension;
			sourceTree = "<group>";
		};
		AAF605617F34A7228E03241C /* Pods */ = {
			isa = PBXGroup;
			children = (
				3D632BCC68A0AB9996B3DA8F /* Pods-PokeDex.debug.xcconfig */,
				1D415C82AF2B93CB3D63FFB1 /* Pods-PokeDex.release.xcconfig */,
			);
			path = Pods;
			sourceTree = "<group>";
		};
		ECFDDB72A821A3A10DED55F4 /* Frameworks */ = {
			isa = PBXGroup;
			children = (
				B63260C359D99907FE8E3862 /* Pods_PokeDex.framework */,
			);
			name = Frameworks;
			sourceTree = "<group>";
		};
/* End PBXGroup section */

/* Begin PBXNativeTarget section */
		1EA117DD2A06135500BF2192 /* PokeDex */ = {
			isa = PBXNativeTarget;
			buildConfigurationList = 1EA117F22A06135800BF2192 /* Build configuration list for PBXNativeTarget "PokeDex" */;
			buildPhases = (
				832DB93DF3AC7254808E4492 /* [CP] Check Pods Manifest.lock */,
				1EA117DA2A06135500BF2192 /* Sources */,
				1EA117DB2A06135500BF2192 /* Frameworks */,
				1EA117DC2A06135500BF2192 /* Resources */,
				03939B3CD6080A622F077CEF /* [CP] Embed Pods Frameworks */,
			);
			buildRules = (
			);
			dependencies = (
			);
			name = PokeDex;
			productName = PokeDex;
			productReference = 1EA117DE2A06135500BF2192 /* PokeDex.app */;
			productType = "com.apple.product-type.application";
		};
/* End PBXNativeTarget section */

/* Begin PBXProject section */
		1EA117D62A06135500BF2192 /* Project object */ = {
			isa = PBXProject;
			attributes = {
				BuildIndependentTargetsInParallel = 1;
				LastSwiftUpdateCheck = 1420;
				LastUpgradeCheck = 1420;
				TargetAttributes = {
					1EA117DD2A06135500BF2192 = {
						CreatedOnToolsVersion = 14.2;
					};
				};
			};
			buildConfigurationList = 1EA117D92A06135500BF2192 /* Build configuration list for PBXProject "PokeDex" */;
			compatibilityVersion = "Xcode 14.0";
			developmentRegion = en;
			hasScannedForEncodings = 0;
			knownRegions = (
				en,
				Base,
			);
			mainGroup = 1EA117D52A06135500BF2192;
			productRefGroup = 1EA117DF2A06135500BF2192 /* Products */;
			projectDirPath = "";
			projectRoot = "";
			targets = (
				1EA117DD2A06135500BF2192 /* PokeDex */,
			);
		};
/* End PBXProject section */

/* Begin PBXResourcesBuildPhase section */
		1EA117DC2A06135500BF2192 /* Resources */ = {
			isa = PBXResourcesBuildPhase;
			buildActionMask = 2147483647;
			files = (
				1EA117EE2A06135800BF2192 /* LaunchScreen.storyboard in Resources */,
				1EA117EB2A06135800BF2192 /* Assets.xcassets in Resources */,
				1EA117E92A06135600BF2192 /* Main.storyboard in Resources */,
			);
			runOnlyForDeploymentPostprocessing = 0;
		};
/* End PBXResourcesBuildPhase section */

/* Begin PBXShellScriptBuildPhase section */
		03939B3CD6080A622F077CEF /* [CP] Embed Pods Frameworks */ = {
			isa = PBXShellScriptBuildPhase;
			buildActionMask = 2147483647;
			files = (
			);
			inputFileListPaths = (
				"${PODS_ROOT}/Target Support Files/Pods-PokeDex/Pods-PokeDex-frameworks-${CONFIGURATION}-input-files.xcfilelist",
			);
			name = "[CP] Embed Pods Frameworks";
			outputFileListPaths = (
				"${PODS_ROOT}/Target Support Files/Pods-PokeDex/Pods-PokeDex-frameworks-${CONFIGURATION}-output-files.xcfilelist",
			);
			runOnlyForDeploymentPostprocessing = 0;
			shellPath = /bin/sh;
			shellScript = "\"${PODS_ROOT}/Target Support Files/Pods-PokeDex/Pods-PokeDex-frameworks.sh\"\n";
			showEnvVarsInLog = 0;
		};
		832DB93DF3AC7254808E4492 /* [CP] Check Pods Manifest.lock */ = {
			isa = PBXShellScriptBuildPhase;
			buildActionMask = 2147483647;
			files = (
			);
			inputFileListPaths = (
			);
			inputPaths = (
				"${PODS_PODFILE_DIR_PATH}/Podfile.lock",
				"${PODS_ROOT}/Manifest.lock",
			);
			name = "[CP] Check Pods Manifest.lock";
			outputFileListPaths = (
			);
			outputPaths = (
				"$(DERIVED_FILE_DIR)/Pods-PokeDex-checkManifestLockResult.txt",
			);
			runOnlyForDeploymentPostprocessing = 0;
			shellPath = /bin/sh;
			shellScript = "diff \"${PODS_PODFILE_DIR_PATH}/Podfile.lock\" \"${PODS_ROOT}/Manifest.lock\" > /dev/null\nif [ $? != 0 ] ; then\n    # print error to STDERR\n    echo \"error: The sandbox is not in sync with the Podfile.lock. Run 'pod install' or update your CocoaPods installation.\" >&2\n    exit 1\nfi\n# This output is used by Xcode 'outputs' to avoid re-running this script phase.\necho \"SUCCESS\" > \"${SCRIPT_OUTPUT_FILE_0}\"\n";
			showEnvVarsInLog = 0;
		};
/* End PBXShellScriptBuildPhase section */

/* Begin PBXSourcesBuildPhase section */
		1EA117DA2A06135500BF2192 /* Sources */ = {
			isa = PBXSourcesBuildPhase;
			buildActionMask = 2147483647;
			files = (
				9D61EBA12A22D2D000A47B24 /* FilterPokemonsCollectionViewCell.swift in Sources */,
				9D61EB9F2A22CAD000A47B24 /* String+Ext.swift in Sources */,
				1EA3EBBC2A06168300755A6E /* UIView+Ext.swift in Sources */,
				1EA117FC2A06141600BF2192 /* Pokemon.swift in Sources */,
				1EA117FE2A06142A00BF2192 /* PokemonListViewModel.swift in Sources */,
				1EA118002A06143800BF2192 /* PokemonListViewController.swift in Sources */,
				1EA117FA2A06140000BF2192 /* PokemonTableViewCell.swift in Sources */,
				1EA117E22A06135500BF2192 /* AppDelegate.swift in Sources */,
				9D61EB9D2A22B8C900A47B24 /* FilterPokemonsViewController.swift in Sources */,
				1EA117E42A06135500BF2192 /* SceneDelegate.swift in Sources */,
			);
			runOnlyForDeploymentPostprocessing = 0;
		};
/* End PBXSourcesBuildPhase section */

/* Begin PBXVariantGroup section */
		1EA117E72A06135600BF2192 /* Main.storyboard */ = {
			isa = PBXVariantGroup;
			children = (
				1EA117E82A06135600BF2192 /* Base */,
			);
			name = Main.storyboard;
			sourceTree = "<group>";
		};
		1EA117EC2A06135800BF2192 /* LaunchScreen.storyboard */ = {
			isa = PBXVariantGroup;
			children = (
				1EA117ED2A06135800BF2192 /* Base */,
			);
			name = LaunchScreen.storyboard;
			sourceTree = "<group>";
		};
/* End PBXVariantGroup section */

/* Begin XCBuildConfiguration section */
		1EA117F02A06135800BF2192 /* Debug */ = {
			isa = XCBuildConfiguration;
			buildSettings = {
				ALWAYS_SEARCH_USER_PATHS = NO;
				CLANG_ANALYZER_NONNULL = YES;
				CLANG_ANALYZER_NUMBER_OBJECT_CONVERSION = YES_AGGRESSIVE;
				CLANG_CXX_LANGUAGE_STANDARD = "gnu++20";
				CLANG_ENABLE_MODULES = YES;
				CLANG_ENABLE_OBJC_ARC = YES;
				CLANG_ENABLE_OBJC_WEAK = YES;
				CLANG_WARN_BLOCK_CAPTURE_AUTORELEASING = YES;
				CLANG_WARN_BOOL_CONVERSION = YES;
				CLANG_WARN_COMMA = YES;
				CLANG_WARN_CONSTANT_CONVERSION = YES;
				CLANG_WARN_DEPRECATED_OBJC_IMPLEMENTATIONS = YES;
				CLANG_WARN_DIRECT_OBJC_ISA_USAGE = YES_ERROR;
				CLANG_WARN_DOCUMENTATION_COMMENTS = YES;
				CLANG_WARN_EMPTY_BODY = YES;
				CLANG_WARN_ENUM_CONVERSION = YES;
				CLANG_WARN_INFINITE_RECURSION = YES;
				CLANG_WARN_INT_CONVERSION = YES;
				CLANG_WARN_NON_LITERAL_NULL_CONVERSION = YES;
				CLANG_WARN_OBJC_IMPLICIT_RETAIN_SELF = YES;
				CLANG_WARN_OBJC_LITERAL_CONVERSION = YES;
				CLANG_WARN_OBJC_ROOT_CLASS = YES_ERROR;
				CLANG_WARN_QUOTED_INCLUDE_IN_FRAMEWORK_HEADER = YES;
				CLANG_WARN_RANGE_LOOP_ANALYSIS = YES;
				CLANG_WARN_STRICT_PROTOTYPES = YES;
				CLANG_WARN_SUSPICIOUS_MOVE = YES;
				CLANG_WARN_UNGUARDED_AVAILABILITY = YES_AGGRESSIVE;
				CLANG_WARN_UNREACHABLE_CODE = YES;
				CLANG_WARN__DUPLICATE_METHOD_MATCH = YES;
				COPY_PHASE_STRIP = NO;
				DEBUG_INFORMATION_FORMAT = dwarf;
				ENABLE_STRICT_OBJC_MSGSEND = YES;
				ENABLE_TESTABILITY = YES;
				GCC_C_LANGUAGE_STANDARD = gnu11;
				GCC_DYNAMIC_NO_PIC = NO;
				GCC_NO_COMMON_BLOCKS = YES;
				GCC_OPTIMIZATION_LEVEL = 0;
				GCC_PREPROCESSOR_DEFINITIONS = (
					"DEBUG=1",
					"$(inherited)",
				);
				GCC_WARN_64_TO_32_BIT_CONVERSION = YES;
				GCC_WARN_ABOUT_RETURN_TYPE = YES_ERROR;
				GCC_WARN_UNDECLARED_SELECTOR = YES;
				GCC_WARN_UNINITIALIZED_AUTOS = YES_AGGRESSIVE;
				GCC_WARN_UNUSED_FUNCTION = YES;
				GCC_WARN_UNUSED_VARIABLE = YES;
				IPHONEOS_DEPLOYMENT_TARGET = 16.2;
				MTL_ENABLE_DEBUG_INFO = INCLUDE_SOURCE;
				MTL_FAST_MATH = YES;
				ONLY_ACTIVE_ARCH = YES;
				SDKROOT = iphoneos;
				SWIFT_ACTIVE_COMPILATION_CONDITIONS = DEBUG;
				SWIFT_OPTIMIZATION_LEVEL = "-Onone";
			};
			name = Debug;
		};
		1EA117F12A06135800BF2192 /* Release */ = {
			isa = XCBuildConfiguration;
			buildSettings = {
				ALWAYS_SEARCH_USER_PATHS = NO;
				CLANG_ANALYZER_NONNULL = YES;
				CLANG_ANALYZER_NUMBER_OBJECT_CONVERSION = YES_AGGRESSIVE;
				CLANG_CXX_LANGUAGE_STANDARD = "gnu++20";
				CLANG_ENABLE_MODULES = YES;
				CLANG_ENABLE_OBJC_ARC = YES;
				CLANG_ENABLE_OBJC_WEAK = YES;
				CLANG_WARN_BLOCK_CAPTURE_AUTORELEASING = YES;
				CLANG_WARN_BOOL_CONVERSION = YES;
				CLANG_WARN_COMMA = YES;
				CLANG_WARN_CONSTANT_CONVERSION = YES;
				CLANG_WARN_DEPRECATED_OBJC_IMPLEMENTATIONS = YES;
				CLANG_WARN_DIRECT_OBJC_ISA_USAGE = YES_ERROR;
				CLANG_WARN_DOCUMENTATION_COMMENTS = YES;
				CLANG_WARN_EMPTY_BODY = YES;
				CLANG_WARN_ENUM_CONVERSION = YES;
				CLANG_WARN_INFINITE_RECURSION = YES;
				CLANG_WARN_INT_CONVERSION = YES;
				CLANG_WARN_NON_LITERAL_NULL_CONVERSION = YES;
				CLANG_WARN_OBJC_IMPLICIT_RETAIN_SELF = YES;
				CLANG_WARN_OBJC_LITERAL_CONVERSION = YES;
				CLANG_WARN_OBJC_ROOT_CLASS = YES_ERROR;
				CLANG_WARN_QUOTED_INCLUDE_IN_FRAMEWORK_HEADER = YES;
				CLANG_WARN_RANGE_LOOP_ANALYSIS = YES;
				CLANG_WARN_STRICT_PROTOTYPES = YES;
				CLANG_WARN_SUSPICIOUS_MOVE = YES;
				CLANG_WARN_UNGUARDED_AVAILABILITY = YES_AGGRESSIVE;
				CLANG_WARN_UNREACHABLE_CODE = YES;
				CLANG_WARN__DUPLICATE_METHOD_MATCH = YES;
				COPY_PHASE_STRIP = NO;
				DEBUG_INFORMATION_FORMAT = "dwarf-with-dsym";
				ENABLE_NS_ASSERTIONS = NO;
				ENABLE_STRICT_OBJC_MSGSEND = YES;
				GCC_C_LANGUAGE_STANDARD = gnu11;
				GCC_NO_COMMON_BLOCKS = YES;
				GCC_WARN_64_TO_32_BIT_CONVERSION = YES;
				GCC_WARN_ABOUT_RETURN_TYPE = YES_ERROR;
				GCC_WARN_UNDECLARED_SELECTOR = YES;
				GCC_WARN_UNINITIALIZED_AUTOS = YES_AGGRESSIVE;
				GCC_WARN_UNUSED_FUNCTION = YES;
				GCC_WARN_UNUSED_VARIABLE = YES;
				IPHONEOS_DEPLOYMENT_TARGET = 16.2;
				MTL_ENABLE_DEBUG_INFO = NO;
				MTL_FAST_MATH = YES;
				SDKROOT = iphoneos;
				SWIFT_COMPILATION_MODE = wholemodule;
				SWIFT_OPTIMIZATION_LEVEL = "-O";
				VALIDATE_PRODUCT = YES;
			};
			name = Release;
		};
		1EA117F32A06135800BF2192 /* Debug */ = {
			isa = XCBuildConfiguration;
			baseConfigurationReference = 3D632BCC68A0AB9996B3DA8F /* Pods-PokeDex.debug.xcconfig */;
			buildSettings = {
				ASSETCATALOG_COMPILER_APPICON_NAME = AppIcon;
				ASSETCATALOG_COMPILER_GLOBAL_ACCENT_COLOR_NAME = AccentColor;
				ASSETCATALOG_COMPILER_INCLUDE_ALL_APPICON_ASSETS = YES;
				CODE_SIGN_IDENTITY = "Apple Development";
				CODE_SIGN_STYLE = Automatic;
				CURRENT_PROJECT_VERSION = 1;
				DEVELOPMENT_TEAM = DF29HPDVWS;
				GENERATE_INFOPLIST_FILE = YES;
				INFOPLIST_FILE = PokeDex/Info.plist;
				INFOPLIST_KEY_LSApplicationCategoryType = "public.app-category.education";
				INFOPLIST_KEY_UIApplicationSupportsIndirectInputEvents = YES;
				INFOPLIST_KEY_UILaunchStoryboardName = LaunchScreen.storyboard;
				INFOPLIST_KEY_UIMainStoryboardFile = Main;
				INFOPLIST_KEY_UIStatusBarStyle = "";
				INFOPLIST_KEY_UISupportedInterfaceOrientations_iPad = "UIInterfaceOrientationPortrait UIInterfaceOrientationPortraitUpsideDown UIInterfaceOrientationLandscapeLeft UIInterfaceOrientationLandscapeRight";
				INFOPLIST_KEY_UISupportedInterfaceOrientations_iPhone = "UIInterfaceOrientationPortrait UIInterfaceOrientationLandscapeLeft UIInterfaceOrientationLandscapeRight";
				LD_RUNPATH_SEARCH_PATHS = (
					"$(inherited)",
					"@executable_path/Frameworks",
				);
				MARKETING_VERSION = 1.0;
				PRODUCT_BUNDLE_IDENTIFIER = com.rodrigovart.PokeDex;
				PRODUCT_NAME = "$(TARGET_NAME)";
				PROVISIONING_PROFILE_SPECIFIER = "";
				SUPPORTED_PLATFORMS = "iphoneos iphonesimulator";
				SUPPORTS_MACCATALYST = NO;
				SUPPORTS_MAC_DESIGNED_FOR_IPHONE_IPAD = NO;
				SWIFT_EMIT_LOC_STRINGS = YES;
				SWIFT_VERSION = 5.0;
				TARGETED_DEVICE_FAMILY = 1;
			};
			name = Debug;
		};
		1EA117F42A06135800BF2192 /* Release */ = {
			isa = XCBuildConfiguration;
			baseConfigurationReference = 1D415C82AF2B93CB3D63FFB1 /* Pods-PokeDex.release.xcconfig */;
			buildSettings = {
				ASSETCATALOG_COMPILER_APPICON_NAME = AppIcon;
				ASSETCATALOG_COMPILER_GLOBAL_ACCENT_COLOR_NAME = AccentColor;
				ASSETCATALOG_COMPILER_INCLUDE_ALL_APPICON_ASSETS = YES;
				CODE_SIGN_STYLE = Automatic;
				CURRENT_PROJECT_VERSION = 1;
				DEVELOPMENT_TEAM = DF29HPDVWS;
				GENERATE_INFOPLIST_FILE = YES;
				INFOPLIST_FILE = PokeDex/Info.plist;
				INFOPLIST_KEY_LSApplicationCategoryType = "public.app-category.education";
				INFOPLIST_KEY_UIApplicationSupportsIndirectInputEvents = YES;
				INFOPLIST_KEY_UILaunchStoryboardName = LaunchScreen.storyboard;
				INFOPLIST_KEY_UIMainStoryboardFile = Main;
				INFOPLIST_KEY_UIStatusBarStyle = "";
				INFOPLIST_KEY_UISupportedInterfaceOrientations_iPad = "UIInterfaceOrientationPortrait UIInterfaceOrientationPortraitUpsideDown UIInterfaceOrientationLandscapeLeft UIInterfaceOrientationLandscapeRight";
				INFOPLIST_KEY_UISupportedInterfaceOrientations_iPhone = "UIInterfaceOrientationPortrait UIInterfaceOrientationLandscapeLeft UIInterfaceOrientationLandscapeRight";
				LD_RUNPATH_SEARCH_PATHS = (
					"$(inherited)",
					"@executable_path/Frameworks",
				);
				MARKETING_VERSION = 1.0;
				PRODUCT_BUNDLE_IDENTIFIER = com.rodrigovart.PokeDex;
				PRODUCT_NAME = "$(TARGET_NAME)";
				SUPPORTED_PLATFORMS = "iphoneos iphonesimulator";
				SUPPORTS_MACCATALYST = NO;
				SUPPORTS_MAC_DESIGNED_FOR_IPHONE_IPAD = NO;
				SWIFT_EMIT_LOC_STRINGS = YES;
				SWIFT_VERSION = 5.0;
				TARGETED_DEVICE_FAMILY = 1;
			};
			name = Release;
		};
/* End XCBuildConfiguration section */

/* Begin XCConfigurationList section */
		1EA117D92A06135500BF2192 /* Build configuration list for PBXProject "PokeDex" */ = {
			isa = XCConfigurationList;
			buildConfigurations = (
				1EA117F02A06135800BF2192 /* Debug */,
				1EA117F12A06135800BF2192 /* Release */,
			);
			defaultConfigurationIsVisible = 0;
			defaultConfigurationName = Release;
		};
		1EA117F22A06135800BF2192 /* Build configuration list for PBXNativeTarget "PokeDex" */ = {
			isa = XCConfigurationList;
			buildConfigurations = (
				1EA117F32A06135800BF2192 /* Debug */,
				1EA117F42A06135800BF2192 /* Release */,
			);
			defaultConfigurationIsVisible = 0;
			defaultConfigurationName = Release;
		};
/* End XCConfigurationList section */
	};
	rootObject = 1EA117D62A06135500BF2192 /* Project object */;
}
